
Microsoft Visual Studio Solution File, Format Version 12.00
# Visual Studio 15
VisualStudioVersion = 15.0.27703.2042
MinimumVisualStudioVersion = 10.0.40219.1
Project("{FAE04EC0-301F-11D3-BF4B-00C04F79EFBC}") = "BotsDotNet", "BotsDotNet\BotsDotNet.csproj", "{99F4B367-D309-4C9B-9798-E28F1FEAE001}"
EndProject
Project("{FAE04EC0-301F-11D3-BF4B-00C04F79EFBC}") = "BotsDotNet.WebTest", "BotsDotNet.WebTest\BotsDotNet.WebTest.csproj", "{9BC7A1A1-6699-4E6A-AD61-7B7910E1FF79}"
EndProject
Project("{FAE04EC0-301F-11D3-BF4B-00C04F79EFBC}") = "BotsDotNet.WebExTeams", "BotsDotNet.WebExTeams\BotsDotNet.WebExTeams.csproj", "{880CCBCE-514E-4E51-ABF0-12F1AC9C238B}"
EndProject
Global
	GlobalSection(SolutionConfigurationPlatforms) = preSolution
		Debug|Any CPU = Debug|Any CPU
		Release|Any CPU = Release|Any CPU
	EndGlobalSection
	GlobalSection(ProjectConfigurationPlatforms) = postSolution
		{99F4B367-D309-4C9B-9798-E28F1FEAE001}.Debug|Any CPU.ActiveCfg = Debug|Any CPU
		{99F4B367-D309-4C9B-9798-E28F1FEAE001}.Debug|Any CPU.Build.0 = Debug|Any CPU
		{99F4B367-D309-4C9B-9798-E28F1FEAE001}.Release|Any CPU.ActiveCfg = Release|Any CPU
		{99F4B367-D309-4C9B-9798-E28F1FEAE001}.Release|Any CPU.Build.0 = Release|Any CPU
		{9BC7A1A1-6699-4E6A-AD61-7B7910E1FF79}.Debug|Any CPU.ActiveCfg = Debug|Any CPU
		{9BC7A1A1-6699-4E6A-AD61-7B7910E1FF79}.Debug|Any CPU.Build.0 = Debug|Any CPU
		{9BC7A1A1-6699-4E6A-AD61-7B7910E1FF79}.Release|Any CPU.ActiveCfg = Release|Any CPU
		{9BC7A1A1-6699-4E6A-AD61-7B7910E1FF79}.Release|Any CPU.Build.0 = Release|Any CPU
		{880CCBCE-514E-4E51-ABF0-12F1AC9C238B}.Debug|Any CPU.ActiveCfg = Debug|Any CPU
		{880CCBCE-514E-4E51-ABF0-12F1AC9C238B}.Debug|Any CPU.Build.0 = Debug|Any CPU
		{880CCBCE-514E-4E51-ABF0-12F1AC9C238B}.Release|Any CPU.ActiveCfg = Release|Any CPU
		{880CCBCE-514E-4E51-ABF0-12F1AC9C238B}.Release|Any CPU.Build.0 = Release|Any CPU
	EndGlobalSection
	GlobalSection(SolutionProperties) = preSolution
		HideSolutionNode = FALSE
	EndGlobalSection
	GlobalSection(ExtensibilityGlobals) = postSolution
		SolutionGuid = {BF828D7F-4679-4B88-A006-BEBC80AED7FB}
	EndGlobalSection
EndGlobal
